
Microsoft Visual Studio Solution File, Format Version 12.00
# Visual Studio Version 17
VisualStudioVersion = 17.5.33414.496
MinimumVisualStudioVersion = 10.0.40219.1
Project("{FAE04EC0-301F-11D3-BF4B-00C04F79EFBC}") = "Exercicio2", "Exercicio2.csproj", "{FB5CDCE6-1364-4477-88D3-E27D639B793F}"
EndProject
Global
	GlobalSection(SolutionConfigurationPlatforms) = preSolution
		Debug|Any CPU = Debug|Any CPU
		Release|Any CPU = Release|Any CPU
	EndGlobalSection
	GlobalSection(ProjectConfigurationPlatforms) = postSolution
		{FB5CDCE6-1364-4477-88D3-E27D639B793F}.Debug|Any CPU.ActiveCfg = Debug|Any CPU
		{FB5CDCE6-1364-4477-88D3-E27D639B793F}.Debug|Any CPU.Build.0 = Debug|Any CPU
		{FB5CDCE6-1364-4477-88D3-E27D639B793F}.Release|Any CPU.ActiveCfg = Release|Any CPU
		{FB5CDCE6-1364-4477-88D3-E27D639B793F}.Release|Any CPU.Build.0 = Release|Any CPU
	EndGlobalSection
	GlobalSection(SolutionProperties) = preSolution
		HideSolutionNode = FALSE
	EndGlobalSection
	GlobalSection(ExtensibilityGlobals) = postSolution
		SolutionGuid = {AB42F0C0-5F6D-48A6-909C-980435D64DA2}
	EndGlobalSection
EndGlobal
